<?xml version="1.0" encoding="utf-8"?>
<Project ToolsVersion="4.0" xmlns="http://schemas.microsoft.com/developer/msbuild/2003">
  <ItemGroup>
    <ClCompile Include="CMUgraphicsLib\auxil.cpp" />
    <ClCompile Include="CMUgraphicsLib\CMUgraphics.cpp" />
    <ClCompile Include="CMUgraphicsLib\image.cpp" />
    <ClCompile Include="CMUgraphicsLib\jpegload.c" />
    <ClCompile Include="CMUgraphicsLib\keyqueue.cpp" />
    <ClCompile Include="CMUgraphicsLib\mousequeue.cpp" />
    <ClCompile Include="CMUgraphicsLib\windowinput.cpp" />
    <ClCompile Include="CMUgraphicsLib\jpeg\jcomapi.c" />
    <ClCompile Include="CMUgraphicsLib\jpeg\jcparam.c" />
    <ClCompile Include="CMUgraphicsLib\jpeg\jdapimin.c" />
    <ClCompile Include="CMUgraphicsLib\jpeg\jdapistd.c" />
    <ClCompile Include="CMUgraphicsLib\jpeg\jdatasrc.c" />
    <ClCompile Include="CMUgraphicsLib\jpeg\jdcoefct.c" />
    <ClCompile Include="CMUgraphicsLib\jpeg\jdcolor.c" />
    <ClCompile Include="CMUgraphicsLib\jpeg\jddctmgr.c" />
    <ClCompile Include="CMUgraphicsLib\jpeg\jdhuff.c" />
    <ClCompile Include="CMUgraphicsLib\jpeg\jdinput.c" />
    <ClCompile Include="CMUgraphicsLib\jpeg\jdmainct.c" />
    <ClCompile Include="CMUgraphicsLib\jpeg\jdmarker.c" />
    <ClCompile Include="CMUgraphicsLib\jpeg\jdmaster.c" />
    <ClCompile Include="CMUgraphicsLib\jpeg\jdmerge.c" />
    <ClCompile Include="CMUgraphicsLib\jpeg\jdphuff.c" />
    <ClCompile Include="CMUgraphicsLib\jpeg\jdpostct.c" />
    <ClCompile Include="CMUgraphicsLib\jpeg\jdsample.c" />
    <ClCompile Include="CMUgraphicsLib\jpeg\jdtrans.c" />
    <ClCompile Include="CMUgraphicsLib\jpeg\jerror.c" />
    <ClCompile Include="CMUgraphicsLib\jpeg\jidctflt.c" />
    <ClCompile Include="CMUgraphicsLib\jpeg\jidctfst.c" />
    <ClCompile Include="CMUgraphicsLib\jpeg\jidctint.c" />
    <ClCompile Include="CMUgraphicsLib\jpeg\jidctred.c" />
    <ClCompile Include="CMUgraphicsLib\jpeg\jmemmgr.c" />
    <ClCompile Include="CMUgraphicsLib\jpeg\jmemnobs.c" />
    <ClCompile Include="CMUgraphicsLib\jpeg\jquant1.c" />
    <ClCompile Include="CMUgraphicsLib\jpeg\jquant2.c" />
    <ClCompile Include="CMUgraphicsLib\jpeg\jutils.c" />
    <ClCompile Include="controller.cpp" />
    <ClCompile Include="GUI\GUI.cpp" />
    <ClCompile Include="main.cpp" />
    <ClCompile Include="opCancelFillingGeneral.cpp" />
    <ClCompile Include="opCHangeGeneralDrawcolor.cpp" />
    <ClCompile Include="opChangeGeneralFillColor.cpp" />
    <ClCompile Include="opdublicate.cpp" />
    <ClCompile Include="operations\opbordercolor.cpp" />
    <ClCompile Include="operations\opborderwidth.cpp" />
    <ClCompile Include="operations\Opchangefillcolor.cpp" />
    <ClCompile Include="opchangepenwidth.cpp" />
    <ClCompile Include="operations\opAddCircle.cpp" />
    <ClCompile Include="operations\opAddIrrPolygon.cpp" />
    <ClCompile Include="operations\opAddline.cpp" />
    <ClCompile Include="operations\opAddOval.cpp" />
    <ClCompile Include="operations\opAddRect.cpp" />
    <ClCompile Include="operations\opAddRegPolygon.cpp" />
    <ClCompile Include="operations\opAddsquare.cpp" />
    <ClCompile Include="operations\opAddtriangle.cpp" />
    <ClCompile Include="operations\opCopy.cpp" />
    <ClCompile Include="operations\opdeleteshape.cpp" />
    <ClCompile Include="operations\opload.cpp" />
    <ClCompile Include="operations\opPest.cpp" />
    <ClCompile Include="operations\opResize.cpp" />
    <ClCompile Include="operations\opsave.cpp" />
    <ClCompile Include="operations\opSelect.cpp" />
    <ClCompile Include="operations\opswitchplaymode.cpp" />
    <ClCompile Include="Opexit.cpp" />
    <ClCompile Include="ophide.cpp" />
    <ClCompile Include="opmultidelete.cpp" />
    <ClCompile Include="opscramble.cpp" />
    <ClCompile Include="opsendtoback.cpp" />
    <ClCompile Include="operations\opRotate.cpp" />
    <ClCompile Include="Shapes\Circle.cpp" />
    <ClCompile Include="Shapes\Graph.cpp" />
    <ClCompile Include="Shapes\IrrPolygon.cpp" />
    <ClCompile Include="Shapes\line.cpp" />
    <ClCompile Include="Shapes\Oval.cpp" />
    <ClCompile Include="Shapes\Rect.cpp" />
    <ClCompile Include="Shapes\RegPolygon.cpp" />
    <ClCompile Include="Shapes\Shape.cpp" />
    <ClCompile Include="Shapes\square.cpp" />
    <ClCompile Include="Shapes\triangle.cpp" />
    <ClCompile Include="operations\opMove.cpp" />
  </ItemGroup>
  <ItemGroup>
    <ClInclude Include="CMUgraphicsLib\auxil.h" />
    <ClInclude Include="CMUgraphicsLib\CMUgraphics.h" />
    <ClInclude Include="CMUgraphicsLib\colors.h" />
    <ClInclude Include="CMUgraphicsLib\error.h" />
    <ClInclude Include="CMUgraphicsLib\image.h" />
    <ClInclude Include="CMUgraphicsLib\jpegload.h" />
    <ClInclude Include="CMUgraphicsLib\keyqueue.h" />
    <ClInclude Include="CMUgraphicsLib\mousequeue.h" />
    <ClInclude Include="CMUgraphicsLib\version.h" />
    <ClInclude Include="CMUgraphicsLib\windowinput.h" />
    <ClInclude Include="CMUgraphicsLib\jpeg\jconfig.h" />
    <ClInclude Include="CMUgraphicsLib\jpeg\jdct.h" />
    <ClInclude Include="CMUgraphicsLib\jpeg\jdhuff.h" />
    <ClInclude Include="CMUgraphicsLib\jpeg\jerror.h" />
    <ClInclude Include="CMUgraphicsLib\jpeg\jinclude.h" />
    <ClInclude Include="CMUgraphicsLib\jpeg\jmemsys.h" />
    <ClInclude Include="CMUgraphicsLib\jpeg\jmorecfg.h" />
    <ClInclude Include="CMUgraphicsLib\jpeg\jpegint.h" />
    <ClInclude Include="CMUgraphicsLib\jpeg\jpeglib.h" />
    <ClInclude Include="CMUgraphicsLib\jpeg\jversion.h" />
    <ClInclude Include="controller.h" />
    <ClInclude Include="DEFS.h" />
    <ClInclude Include="GUI\GUI.h" />
    <ClInclude Include="opCancelFillingGeneral.h" />
    <ClInclude Include="opCHangeGeneralDrawcolor.h" />
    <ClInclude Include="opChangeGeneralFillColor.h" />
    <ClInclude Include="opdublicate.h" />
    <ClInclude Include="operations\opbordercolor.h" />
    <ClInclude Include="operations\opborderwidth.h" />
    <ClInclude Include="operations\Opchangefillcolor.h" />
    <ClInclude Include="opchangepenwidth.h" />
    <ClInclude Include="operations\opAddCircle.h" />
    <ClInclude Include="operations\opAddIrrPolygon.h" />
    <ClInclude Include="operations\opAddline.h" />
    <ClInclude Include="operations\opAddOval.h" />
    <ClInclude Include="operations\opAddRect.h" />
    <ClInclude Include="operations\opAddRegPolygon.h" />
    <ClInclude Include="operations\opAddsquare.h" />
    <ClInclude Include="operations\opAddtriangle.h" />
    <ClInclude Include="operations\opCopy.h" />
    <ClInclude Include="operations\opdeleteshape.h" />
    <ClInclude Include="operations\operation.h" />
    <ClInclude Include="operations\opload.h" />
    <ClInclude Include="operations\opPest.h" />
    <ClInclude Include="operations\opResize.h" />
    <ClInclude Include="operations\opsave.h" />
    <ClInclude Include="operations\opSelect.h" />
    <ClInclude Include="operations\opswitchplaymode.h" />
    <ClInclude Include="Opexit.h" />
    <ClInclude Include="ophide.h" />
    <ClInclude Include="opmultidelete.h" />
    <ClInclude Include="opscramble.h" />
    <ClInclude Include="opsendtoback.h" />
    <ClInclude Include="operations\opRotate.h" />
    <ClInclude Include="Shapes\Circle.h" />
    <ClInclude Include="Shapes\Graph.h" />
    <ClInclude Include="Shapes\IrrPolygon.h" />
    <ClInclude Include="Shapes\line.h" />
    <ClInclude Include="Shapes\Oval.h" />
    <ClInclude Include="Shapes\Rect.h" />
    <ClInclude Include="Shapes\RegPolygon.h" />
    <ClInclude Include="Shapes\Shape.h" />
    <ClInclude Include="Shapes\square.h" />
    <ClInclude Include="Shapes\triangle.h" />
    <ClInclude Include="operations\opMove.h" />
  </ItemGroup>
</Project>